// !$*UTF8*$!
{
	archiveVersion = 1;
	classes = {
	};
	objectVersion = 50;
	objects = {

/* Begin PBXBuildFile section */
		8842FE64250F5DBC00F6D7AD /* Article.swift in Sources */ = {isa = PBXBuildFile; fileRef = 8842FE63250F5DBC00F6D7AD /* Article.swift */; };
		884D5B44250E942100ADD564 /* URLHelper.swift in Sources */ = {isa = PBXBuildFile; fileRef = 884D5B43250E942100ADD564 /* URLHelper.swift */; };
		8854276B250BB2000015C1C4 /* AppDelegate.swift in Sources */ = {isa = PBXBuildFile; fileRef = 8854276A250BB2000015C1C4 /* AppDelegate.swift */; };
		8854276D250BB2000015C1C4 /* SceneDelegate.swift in Sources */ = {isa = PBXBuildFile; fileRef = 8854276C250BB2000015C1C4 /* SceneDelegate.swift */; };
		8854276F250BB2000015C1C4 /* ViewController.swift in Sources */ = {isa = PBXBuildFile; fileRef = 8854276E250BB2000015C1C4 /* ViewController.swift */; };
		88542772250BB2000015C1C4 /* Main.storyboard in Resources */ = {isa = PBXBuildFile; fileRef = 88542770250BB2000015C1C4 /* Main.storyboard */; };
		88542774250BB2050015C1C4 /* Assets.xcassets in Resources */ = {isa = PBXBuildFile; fileRef = 88542773250BB2050015C1C4 /* Assets.xcassets */; };
		88542777250BB2050015C1C4 /* LaunchScreen.storyboard in Resources */ = {isa = PBXBuildFile; fileRef = 88542775250BB2050015C1C4 /* LaunchScreen.storyboard */; };
		8854277F250BB4B40015C1C4 /* DetailsViewController.swift in Sources */ = {isa = PBXBuildFile; fileRef = 8854277E250BB4B40015C1C4 /* DetailsViewController.swift */; };
		88542781250BB5950015C1C4 /* Products.swift in Sources */ = {isa = PBXBuildFile; fileRef = 88542780250BB5950015C1C4 /* Products.swift */; };
		88800087250F6AE0001FE138 /* Reachability.swift in Sources */ = {isa = PBXBuildFile; fileRef = 88800086250F6AE0001FE138 /* Reachability.swift */; };
		88C2B0C4250E2A8F00AB9285 /* TableViewCell.swift in Sources */ = {isa = PBXBuildFile; fileRef = 88C2B0C3250E2A8F00AB9285 /* TableViewCell.swift */; };
/* End PBXBuildFile section */

/* Begin PBXFileReference section */
		8842FE63250F5DBC00F6D7AD /* Article.swift */ = {isa = PBXFileReference; lastKnownFileType = sourcecode.swift; path = Article.swift; sourceTree = "<group>"; };
		884D5B43250E942100ADD564 /* URLHelper.swift */ = {isa = PBXFileReference; lastKnownFileType = sourcecode.swift; path = URLHelper.swift; sourceTree = "<group>"; };
		88542767250BB2000015C1C4 /* NN4M Project.app */ = {isa = PBXFileReference; explicitFileType = wrapper.application; includeInIndex = 0; path = "NN4M Project.app"; sourceTree = BUILT_PRODUCTS_DIR; };
		8854276A250BB2000015C1C4 /* AppDelegate.swift */ = {isa = PBXFileReference; lastKnownFileType = sourcecode.swift; path = AppDelegate.swift; sourceTree = "<group>"; };
		8854276C250BB2000015C1C4 /* SceneDelegate.swift */ = {isa = PBXFileReference; lastKnownFileType = sourcecode.swift; path = SceneDelegate.swift; sourceTree = "<group>"; };
		8854276E250BB2000015C1C4 /* ViewController.swift */ = {isa = PBXFileReference; lastKnownFileType = sourcecode.swift; path = ViewController.swift; sourceTree = "<group>"; };
		88542771250BB2000015C1C4 /* Base */ = {isa = PBXFileReference; lastKnownFileType = file.storyboard; name = Base; path = Base.lproj/Main.storyboard; sourceTree = "<group>"; };
		88542773250BB2050015C1C4 /* Assets.xcassets */ = {isa = PBXFileReference; lastKnownFileType = folder.assetcatalog; path = Assets.xcassets; sourceTree = "<group>"; };
		88542776250BB2050015C1C4 /* Base */ = {isa = PBXFileReference; lastKnownFileType = file.storyboard; name = Base; path = Base.lproj/LaunchScreen.storyboard; sourceTree = "<group>"; };
		88542778250BB2050015C1C4 /* Info.plist */ = {isa = PBXFileReference; lastKnownFileType = text.plist.xml; path = Info.plist; sourceTree = "<group>"; };
		8854277E250BB4B40015C1C4 /* DetailsViewController.swift */ = {isa = PBXFileReference; lastKnownFileType = sourcecode.swift; path = DetailsViewController.swift; sourceTree = "<group>"; };
		88542780250BB5950015C1C4 /* Products.swift */ = {isa = PBXFileReference; lastKnownFileType = sourcecode.swift; path = Products.swift; sourceTree = "<group>"; };
		88800086250F6AE0001FE138 /* Reachability.swift */ = {isa = PBXFileReference; lastKnownFileType = sourcecode.swift; path = Reachability.swift; sourceTree = "<group>"; };
		88C2B0C3250E2A8F00AB9285 /* TableViewCell.swift */ = {isa = PBXFileReference; lastKnownFileType = sourcecode.swift; path = TableViewCell.swift; sourceTree = "<group>"; };
/* End PBXFileReference section */

/* Begin PBXFrameworksBuildPhase section */
		88542764250BB2000015C1C4 /* Frameworks */ = {
			isa = PBXFrameworksBuildPhase;
			buildActionMask = 2147483647;
			files = (
			);
			runOnlyForDeploymentPostprocessing = 0;
		};
/* End PBXFrameworksBuildPhase section */

/* Begin PBXGroup section */
		8842FE65250F5DD900F6D7AD /* Model */ = {
			isa = PBXGroup;
			children = (
				88542780250BB5950015C1C4 /* Products.swift */,
				8842FE63250F5DBC00F6D7AD /* Article.swift */,
			);
			path = Model;
			sourceTree = "<group>";
		};
		884D5B45250F55A400ADD564 /* Views */ = {
			isa = PBXGroup;
			children = (
				88C2B0C3250E2A8F00AB9285 /* TableViewCell.swift */,
				8854277E250BB4B40015C1C4 /* DetailsViewController.swift */,
			);
			path = Views;
			sourceTree = "<group>";
		};
		8854275E250BB2000015C1C4 = {
			isa = PBXGroup;
			children = (
				88542769250BB2000015C1C4 /* NN4M Project */,
				88542768250BB2000015C1C4 /* Products */,
			);
			sourceTree = "<group>";
		};
		88542768250BB2000015C1C4 /* Products */ = {
			isa = PBXGroup;
			children = (
				88542767250BB2000015C1C4 /* NN4M Project.app */,
			);
			name = Products;
			sourceTree = "<group>";
		};
		88542769250BB2000015C1C4 /* NN4M Project */ = {
			isa = PBXGroup;
			children = (
				8854276A250BB2000015C1C4 /* AppDelegate.swift */,
				8854276C250BB2000015C1C4 /* SceneDelegate.swift */,
				88800088250F9AF6001FE138 /* Controller */,
				8842FE65250F5DD900F6D7AD /* Model */,
				884D5B45250F55A400ADD564 /* Views */,
				884D5B43250E942100ADD564 /* URLHelper.swift */,
				88800086250F6AE0001FE138 /* Reachability.swift */,
				88542770250BB2000015C1C4 /* Main.storyboard */,
				88542773250BB2050015C1C4 /* Assets.xcassets */,
				88542775250BB2050015C1C4 /* LaunchScreen.storyboard */,
				88542778250BB2050015C1C4 /* Info.plist */,
			);
			path = "NN4M Project";
			sourceTree = "<group>";
		};
		88800088250F9AF6001FE138 /* Controller */ = {
			isa = PBXGroup;
			children = (
				8854276E250BB2000015C1C4 /* ViewController.swift */,
			);
			path = Controller;
			sourceTree = "<group>";
		};
/* End PBXGroup section */

/* Begin PBXNativeTarget section */
		88542766250BB2000015C1C4 /* NN4M Project */ = {
			isa = PBXNativeTarget;
			buildConfigurationList = 8854277B250BB2050015C1C4 /* Build configuration list for PBXNativeTarget "NN4M Project" */;
			buildPhases = (
				88542763250BB2000015C1C4 /* Sources */,
				88542764250BB2000015C1C4 /* Frameworks */,
				88542765250BB2000015C1C4 /* Resources */,
			);
			buildRules = (
			);
			dependencies = (
			);
			name = "NN4M Project";
			productName = "NN4M Project";
			productReference = 88542767250BB2000015C1C4 /* NN4M Project.app */;
			productType = "com.apple.product-type.application";
		};
/* End PBXNativeTarget section */

/* Begin PBXProject section */
		8854275F250BB2000015C1C4 /* Project object */ = {
			isa = PBXProject;
			attributes = {
				LastSwiftUpdateCheck = 1140;
				LastUpgradeCheck = 1140;
				ORGANIZATIONNAME = Lorenzo;
				TargetAttributes = {
					88542766250BB2000015C1C4 = {
						CreatedOnToolsVersion = 11.4.1;
					};
				};
			};
			buildConfigurationList = 88542762250BB2000015C1C4 /* Build configuration list for PBXProject "NN4M Project" */;
			compatibilityVersion = "Xcode 9.3";
			developmentRegion = en;
			hasScannedForEncodings = 0;
			knownRegions = (
				en,
				Base,
			);
			mainGroup = 8854275E250BB2000015C1C4;
			productRefGroup = 88542768250BB2000015C1C4 /* Products */;
			projectDirPath = "";
			projectRoot = "";
			targets = (
				88542766250BB2000015C1C4 /* NN4M Project */,
			);
		};
/* End PBXProject section */

/* Begin PBXResourcesBuildPhase section */
		88542765250BB2000015C1C4 /* Resources */ = {
			isa = PBXResourcesBuildPhase;
			buildActionMask = 2147483647;
			files = (
				88542777250BB2050015C1C4 /* LaunchScreen.storyboard in Resources */,
				88542774250BB2050015C1C4 /* Assets.xcassets in Resources */,
				88542772250BB2000015C1C4 /* Main.storyboard in Resources */,
			);
			runOnlyForDeploymentPostprocessing = 0;
		};
/* End PBXResourcesBuildPhase section */

/* Begin PBXSourcesBuildPhase section */
		88542763250BB2000015C1C4 /* Sources */ = {
			isa = PBXSourcesBuildPhase;
			buildActionMask = 2147483647;
			files = (
				884D5B44250E942100ADD564 /* URLHelper.swift in Sources */,
				8842FE64250F5DBC00F6D7AD /* Article.swift in Sources */,
				8854276F250BB2000015C1C4 /* ViewController.swift in Sources */,
				8854276B250BB2000015C1C4 /* AppDelegate.swift in Sources */,
				88542781250BB5950015C1C4 /* Products.swift in Sources */,
				88800087250F6AE0001FE138 /* Reachability.swift in Sources */,
				88C2B0C4250E2A8F00AB9285 /* TableViewCell.swift in Sources */,
				8854276D250BB2000015C1C4 /* SceneDelegate.swift in Sources */,
				8854277F250BB4B40015C1C4 /* DetailsViewController.swift in Sources */,
			);
			runOnlyForDeploymentPostprocessing = 0;
		};
/* End PBXSourcesBuildPhase section */

/* Begin PBXVariantGroup section */
		88542770250BB2000015C1C4 /* Main.storyboard */ = {
			isa = PBXVariantGroup;
			children = (
				88542771250BB2000015C1C4 /* Base */,
			);
			name = Main.storyboard;
			sourceTree = "<group>";
		};
		88542775250BB2050015C1C4 /* LaunchScreen.storyboard */ = {
			isa = PBXVariantGroup;
			children = (
				88542776250BB2050015C1C4 /* Base */,
			);
			name = LaunchScreen.storyboard;
			sourceTree = "<group>";
		};
/* End PBXVariantGroup section */

/* Begin XCBuildConfiguration section */
		88542779250BB2050015C1C4 /* Debug */ = {
			isa = XCBuildConfiguration;
			buildSettings = {
				ALWAYS_SEARCH_USER_PATHS = NO;
				CLANG_ANALYZER_NONNULL = YES;
				CLANG_ANALYZER_NUMBER_OBJECT_CONVERSION = YES_AGGRESSIVE;
				CLANG_CXX_LANGUAGE_STANDARD = "gnu++14";
				CLANG_CXX_LIBRARY = "libc++";
				CLANG_ENABLE_MODULES = YES;
				CLANG_ENABLE_OBJC_ARC = YES;
				CLANG_ENABLE_OBJC_WEAK = YES;
				CLANG_WARN_BLOCK_CAPTURE_AUTORELEASING = YES;
				CLANG_WARN_BOOL_CONVERSION = YES;
				CLANG_WARN_COMMA = YES;
				CLANG_WARN_CONSTANT_CONVERSION = YES;
				CLANG_WARN_DEPRECATED_OBJC_IMPLEMENTATIONS = YES;
				CLANG_WARN_DIRECT_OBJC_ISA_USAGE = YES_ERROR;
				CLANG_WARN_DOCUMENTATION_COMMENTS = YES;
				CLANG_WARN_EMPTY_BODY = YES;
				CLANG_WARN_ENUM_CONVERSION = YES;
				CLANG_WARN_INFINITE_RECURSION = YES;
				CLANG_WARN_INT_CONVERSION = YES;
				CLANG_WARN_NON_LITERAL_NULL_CONVERSION = YES;
				CLANG_WARN_OBJC_IMPLICIT_RETAIN_SELF = YES;
				CLANG_WARN_OBJC_LITERAL_CONVERSION = YES;
				CLANG_WARN_OBJC_ROOT_CLASS = YES_ERROR;
				CLANG_WARN_RANGE_LOOP_ANALYSIS = YES;
				CLANG_WARN_STRICT_PROTOTYPES = YES;
				CLANG_WARN_SUSPICIOUS_MOVE = YES;
				CLANG_WARN_UNGUARDED_AVAILABILITY = YES_AGGRESSIVE;
				CLANG_WARN_UNREACHABLE_CODE = YES;
				CLANG_WARN__DUPLICATE_METHOD_MATCH = YES;
				COPY_PHASE_STRIP = NO;
				DEBUG_INFORMATION_FORMAT = dwarf;
				ENABLE_STRICT_OBJC_MSGSEND = YES;
				ENABLE_TESTABILITY = YES;
				GCC_C_LANGUAGE_STANDARD = gnu11;
				GCC_DYNAMIC_NO_PIC = NO;
				GCC_NO_COMMON_BLOCKS = YES;
				GCC_OPTIMIZATION_LEVEL = 0;
				GCC_PREPROCESSOR_DEFINITIONS = (
					"DEBUG=1",
					"$(inherited)",
				);
				GCC_WARN_64_TO_32_BIT_CONVERSION = YES;
				GCC_WARN_ABOUT_RETURN_TYPE = YES_ERROR;
				GCC_WARN_UNDECLARED_SELECTOR = YES;
				GCC_WARN_UNINITIALIZED_AUTOS = YES_AGGRESSIVE;
				GCC_WARN_UNUSED_FUNCTION = YES;
				GCC_WARN_UNUSED_VARIABLE = YES;
				IPHONEOS_DEPLOYMENT_TARGET = 13.4;
				MTL_ENABLE_DEBUG_INFO = INCLUDE_SOURCE;
				MTL_FAST_MATH = YES;
				ONLY_ACTIVE_ARCH = YES;
				SDKROOT = iphoneos;
				SWIFT_ACTIVE_COMPILATION_CONDITIONS = DEBUG;
				SWIFT_OPTIMIZATION_LEVEL = "-Onone";
			};
			name = Debug;
		};
		8854277A250BB2050015C1C4 /* Release */ = {
			isa = XCBuildConfiguration;
			buildSettings = {
				ALWAYS_SEARCH_USER_PATHS = NO;
				CLANG_ANALYZER_NONNULL = YES;
				CLANG_ANALYZER_NUMBER_OBJECT_CONVERSION = YES_AGGRESSIVE;
				CLANG_CXX_LANGUAGE_STANDARD = "gnu++14";
				CLANG_CXX_LIBRARY = "libc++";
				CLANG_ENABLE_MODULES = YES;
				CLANG_ENABLE_OBJC_ARC = YES;
				CLANG_ENABLE_OBJC_WEAK = YES;
				CLANG_WARN_BLOCK_CAPTURE_AUTORELEASING = YES;
				CLANG_WARN_BOOL_CONVERSION = YES;
				CLANG_WARN_COMMA = YES;
				CLANG_WARN_CONSTANT_CONVERSION = YES;
				CLANG_WARN_DEPRECATED_OBJC_IMPLEMENTATIONS = YES;
				CLANG_WARN_DIRECT_OBJC_ISA_USAGE = YES_ERROR;
				CLANG_WARN_DOCUMENTATION_COMMENTS = YES;
				CLANG_WARN_EMPTY_BODY = YES;
				CLANG_WARN_ENUM_CONVERSION = YES;
				CLANG_WARN_INFINITE_RECURSION = YES;
				CLANG_WARN_INT_CONVERSION = YES;
				CLANG_WARN_NON_LITERAL_NULL_CONVERSION = YES;
				CLANG_WARN_OBJC_IMPLICIT_RETAIN_SELF = YES;
				CLANG_WARN_OBJC_LITERAL_CONVERSION = YES;
				CLANG_WARN_OBJC_ROOT_CLASS = YES_ERROR;
				CLANG_WARN_RANGE_LOOP_ANALYSIS = YES;
				CLANG_WARN_STRICT_PROTOTYPES = YES;
				CLANG_WARN_SUSPICIOUS_MOVE = YES;
				CLANG_WARN_UNGUARDED_AVAILABILITY = YES_AGGRESSIVE;
				CLANG_WARN_UNREACHABLE_CODE = YES;
				CLANG_WARN__DUPLICATE_METHOD_MATCH = YES;
				COPY_PHASE_STRIP = NO;
				DEBUG_INFORMATION_FORMAT = "dwarf-with-dsym";
				ENABLE_NS_ASSERTIONS = NO;
				ENABLE_STRICT_OBJC_MSGSEND = YES;
				GCC_C_LANGUAGE_STANDARD = gnu11;
				GCC_NO_COMMON_BLOCKS = YES;
				GCC_WARN_64_TO_32_BIT_CONVERSION = YES;
				GCC_WARN_ABOUT_RETURN_TYPE = YES_ERROR;
				GCC_WARN_UNDECLARED_SELECTOR = YES;
				GCC_WARN_UNINITIALIZED_AUTOS = YES_AGGRESSIVE;
				GCC_WARN_UNUSED_FUNCTION = YES;
				GCC_WARN_UNUSED_VARIABLE = YES;
				IPHONEOS_DEPLOYMENT_TARGET = 13.4;
				MTL_ENABLE_DEBUG_INFO = NO;
				MTL_FAST_MATH = YES;
				SDKROOT = iphoneos;
				SWIFT_COMPILATION_MODE = wholemodule;
				SWIFT_OPTIMIZATION_LEVEL = "-O";
				VALIDATE_PRODUCT = YES;
			};
			name = Release;
		};
		8854277C250BB2050015C1C4 /* Debug */ = {
			isa = XCBuildConfiguration;
			buildSettings = {
				ASSETCATALOG_COMPILER_APPICON_NAME = AppIcon;
				CODE_SIGN_STYLE = Automatic;
				DEVELOPMENT_TEAM = MS97L59777;
				INFOPLIST_FILE = "NN4M Project/Info.plist";
				LD_RUNPATH_SEARCH_PATHS = (
					"$(inherited)",
					"@executable_path/Frameworks",
				);
				PRODUCT_BUNDLE_IDENTIFIER = "lormas.NN4M-Project";
				PRODUCT_NAME = "$(TARGET_NAME)";
				SWIFT_VERSION = 5.0;
				TARGETED_DEVICE_FAMILY = "1,2";
			};
			name = Debug;
		};
		8854277D250BB2050015C1C4 /* Release */ = {
			isa = XCBuildConfiguration;
			buildSettings = {
				ASSETCATALOG_COMPILER_APPICON_NAME = AppIcon;
				CODE_SIGN_STYLE = Automatic;
				DEVELOPMENT_TEAM = MS97L59777;
				INFOPLIST_FILE = "NN4M Project/Info.plist";
				LD_RUNPATH_SEARCH_PATHS = (
					"$(inherited)",
					"@executable_path/Frameworks",
				);
				PRODUCT_BUNDLE_IDENTIFIER = "lormas.NN4M-Project";
				PRODUCT_NAME = "$(TARGET_NAME)";
				SWIFT_VERSION = 5.0;
				TARGETED_DEVICE_FAMILY = "1,2";
			};
			name = Release;
		};
/* End XCBuildConfiguration section */

/* Begin XCConfigurationList section */
		88542762250BB2000015C1C4 /* Build configuration list for PBXProject "NN4M Project" */ = {
			isa = XCConfigurationList;
			buildConfigurations = (
				88542779250BB2050015C1C4 /* Debug */,
				8854277A250BB2050015C1C4 /* Release */,
			);
			defaultConfigurationIsVisible = 0;
			defaultConfigurationName = Release;
		};
		8854277B250BB2050015C1C4 /* Build configuration list for PBXNativeTarget "NN4M Project" */ = {
			isa = XCConfigurationList;
			buildConfigurations = (
				8854277C250BB2050015C1C4 /* Debug */,
				8854277D250BB2050015C1C4 /* Release */,
			);
			defaultConfigurationIsVisible = 0;
			defaultConfigurationName = Release;
		};
/* End XCConfigurationList section */
	};
	rootObject = 8854275F250BB2000015C1C4 /* Project object */;
}
